// !$*UTF8*$!
{
	archiveVersion = 1;
	classes = {
	};
	objectVersion = 50;
	objects = {

/* Begin PBXBuildFile section */
		AB55AE1020D95A4E000BB65E /* AppDelegate.swift in Sources */ = {isa = PBXBuildFile; fileRef = AB55AE0F20D95A4E000BB65E /* AppDelegate.swift */; };
		AB55AE1220D95A4E000BB65E /* ViewController.swift in Sources */ = {isa = PBXBuildFile; fileRef = AB55AE1120D95A4E000BB65E /* ViewController.swift */; };
		AB55AE1520D95A4E000BB65E /* Main.storyboard in Resources */ = {isa = PBXBuildFile; fileRef = AB55AE1320D95A4E000BB65E /* Main.storyboard */; };
		AB55AE1720D95A51000BB65E /* Assets.xcassets in Resources */ = {isa = PBXBuildFile; fileRef = AB55AE1620D95A51000BB65E /* Assets.xcassets */; };
		AB55AE1A20D95A51000BB65E /* LaunchScreen.storyboard in Resources */ = {isa = PBXBuildFile; fileRef = AB55AE1820D95A51000BB65E /* LaunchScreen.storyboard */; };
		AB55AE2220DBF01B000BB65E /* PlayersViewController.swift in Sources */ = {isa = PBXBuildFile; fileRef = AB55AE2120DBF01B000BB65E /* PlayersViewController.swift */; };
		AB55AE2420DBF0F9000BB65E /* Player.swift in Sources */ = {isa = PBXBuildFile; fileRef = AB55AE2320DBF0F9000BB65E /* Player.swift */; };
		AB55AE2620DBF142000BB65E /* SampleData.swift in Sources */ = {isa = PBXBuildFile; fileRef = AB55AE2520DBF142000BB65E /* SampleData.swift */; };
		AB55AE2820DBF8E0000BB65E /* PlayerCell.swift in Sources */ = {isa = PBXBuildFile; fileRef = AB55AE2720DBF8E0000BB65E /* PlayerCell.swift */; };
/* End PBXBuildFile section */

/* Begin PBXFileReference section */
		AB55AE0C20D95A4E000BB65E /* Ratings.app */ = {isa = PBXFileReference; explicitFileType = wrapper.application; includeInIndex = 0; path = Ratings.app; sourceTree = BUILT_PRODUCTS_DIR; };
		AB55AE0F20D95A4E000BB65E /* AppDelegate.swift */ = {isa = PBXFileReference; lastKnownFileType = sourcecode.swift; path = AppDelegate.swift; sourceTree = "<group>"; };
		AB55AE1120D95A4E000BB65E /* ViewController.swift */ = {isa = PBXFileReference; lastKnownFileType = sourcecode.swift; path = ViewController.swift; sourceTree = "<group>"; };
		AB55AE1420D95A4E000BB65E /* Base */ = {isa = PBXFileReference; lastKnownFileType = file.storyboard; name = Base; path = Base.lproj/Main.storyboard; sourceTree = "<group>"; };
		AB55AE1620D95A51000BB65E /* Assets.xcassets */ = {isa = PBXFileReference; lastKnownFileType = folder.assetcatalog; path = Assets.xcassets; sourceTree = "<group>"; };
		AB55AE1920D95A51000BB65E /* Base */ = {isa = PBXFileReference; lastKnownFileType = file.storyboard; name = Base; path = Base.lproj/LaunchScreen.storyboard; sourceTree = "<group>"; };
		AB55AE1B20D95A51000BB65E /* Info.plist */ = {isa = PBXFileReference; lastKnownFileType = text.plist.xml; path = Info.plist; sourceTree = "<group>"; };
		AB55AE2120DBF01B000BB65E /* PlayersViewController.swift */ = {isa = PBXFileReference; lastKnownFileType = sourcecode.swift; path = PlayersViewController.swift; sourceTree = "<group>"; };
		AB55AE2320DBF0F9000BB65E /* Player.swift */ = {isa = PBXFileReference; lastKnownFileType = sourcecode.swift; path = Player.swift; sourceTree = "<group>"; };
		AB55AE2520DBF142000BB65E /* SampleData.swift */ = {isa = PBXFileReference; lastKnownFileType = sourcecode.swift; path = SampleData.swift; sourceTree = "<group>"; };
		AB55AE2720DBF8E0000BB65E /* PlayerCell.swift */ = {isa = PBXFileReference; lastKnownFileType = sourcecode.swift; path = PlayerCell.swift; sourceTree = "<group>"; };
/* End PBXFileReference section */

/* Begin PBXFrameworksBuildPhase section */
		AB55AE0920D95A4E000BB65E /* Frameworks */ = {
			isa = PBXFrameworksBuildPhase;
			buildActionMask = 2147483647;
			files = (
			);
			runOnlyForDeploymentPostprocessing = 0;
		};
/* End PBXFrameworksBuildPhase section */

/* Begin PBXGroup section */
		AB55AE0320D95A4E000BB65E = {
			isa = PBXGroup;
			children = (
				AB55AE0E20D95A4E000BB65E /* Ratings */,
				AB55AE0D20D95A4E000BB65E /* Products */,
			);
			sourceTree = "<group>";
		};
		AB55AE0D20D95A4E000BB65E /* Products */ = {
			isa = PBXGroup;
			children = (
				AB55AE0C20D95A4E000BB65E /* Ratings.app */,
			);
			name = Products;
			sourceTree = "<group>";
		};
		AB55AE0E20D95A4E000BB65E /* Ratings */ = {
			isa = PBXGroup;
			children = (
				AB55AE0F20D95A4E000BB65E /* AppDelegate.swift */,
				AB55AE1120D95A4E000BB65E /* ViewController.swift */,
				AB55AE1320D95A4E000BB65E /* Main.storyboard */,
				AB55AE2720DBF8E0000BB65E /* PlayerCell.swift */,
				AB55AE2120DBF01B000BB65E /* PlayersViewController.swift */,
				AB55AE2320DBF0F9000BB65E /* Player.swift */,
				AB55AE2520DBF142000BB65E /* SampleData.swift */,
				AB55AE1620D95A51000BB65E /* Assets.xcassets */,
				AB55AE1820D95A51000BB65E /* LaunchScreen.storyboard */,
				AB55AE1B20D95A51000BB65E /* Info.plist */,
			);
			path = Ratings;
			sourceTree = "<group>";
		};
/* End PBXGroup section */

/* Begin PBXNativeTarget section */
		AB55AE0B20D95A4E000BB65E /* Ratings */ = {
			isa = PBXNativeTarget;
			buildConfigurationList = AB55AE1E20D95A51000BB65E /* Build configuration list for PBXNativeTarget "Ratings" */;
			buildPhases = (
				AB55AE0820D95A4E000BB65E /* Sources */,
				AB55AE0920D95A4E000BB65E /* Frameworks */,
				AB55AE0A20D95A4E000BB65E /* Resources */,
			);
			buildRules = (
			);
			dependencies = (
			);
			name = Ratings;
			productName = Ratings;
			productReference = AB55AE0C20D95A4E000BB65E /* Ratings.app */;
			productType = "com.apple.product-type.application";
		};
/* End PBXNativeTarget section */

/* Begin PBXProject section */
		AB55AE0420D95A4E000BB65E /* Project object */ = {
			isa = PBXProject;
			attributes = {
				LastSwiftUpdateCheck = 0940;
				LastUpgradeCheck = 0940;
				ORGANIZATIONNAME = "Nguyen Tu";
				TargetAttributes = {
					AB55AE0B20D95A4E000BB65E = {
						CreatedOnToolsVersion = 9.4;
					};
				};
			};
			buildConfigurationList = AB55AE0720D95A4E000BB65E /* Build configuration list for PBXProject "Ratings" */;
			compatibilityVersion = "Xcode 9.3";
			developmentRegion = en;
			hasScannedForEncodings = 0;
			knownRegions = (
				en,
				Base,
			);
			mainGroup = AB55AE0320D95A4E000BB65E;
			productRefGroup = AB55AE0D20D95A4E000BB65E /* Products */;
			projectDirPath = "";
			projectRoot = "";
			targets = (
				AB55AE0B20D95A4E000BB65E /* Ratings */,
			);
		};
/* End PBXProject section */

/* Begin PBXResourcesBuildPhase section */
		AB55AE0A20D95A4E000BB65E /* Resources */ = {
			isa = PBXResourcesBuildPhase;
			buildActionMask = 2147483647;
			files = (
				AB55AE1A20D95A51000BB65E /* LaunchScreen.storyboard in Resources */,
				AB55AE1720D95A51000BB65E /* Assets.xcassets in Resources */,
				AB55AE1520D95A4E000BB65E /* Main.storyboard in Resources */,
			);
			runOnlyForDeploymentPostprocessing = 0;
		};
/* End PBXResourcesBuildPhase section */

/* Begin PBXSourcesBuildPhase section */
		AB55AE0820D95A4E000BB65E /* Sources */ = {
			isa = PBXSourcesBuildPhase;
			buildActionMask = 2147483647;
			files = (
				AB55AE2820DBF8E0000BB65E /* PlayerCell.swift in Sources */,
				AB55AE2420DBF0F9000BB65E /* Player.swift in Sources */,
				AB55AE1220D95A4E000BB65E /* ViewController.swift in Sources */,
				AB55AE1020D95A4E000BB65E /* AppDelegate.swift in Sources */,
				AB55AE2620DBF142000BB65E /* SampleData.swift in Sources */,
				AB55AE2220DBF01B000BB65E /* PlayersViewController.swift in Sources */,
			);
			runOnlyForDeploymentPostprocessing = 0;
		};
/* End PBXSourcesBuildPhase section */

/* Begin PBXVariantGroup section */
		AB55AE1320D95A4E000BB65E /* Main.storyboard */ = {
			isa = PBXVariantGroup;
			children = (
				AB55AE1420D95A4E000BB65E /* Base */,
			);
			name = Main.storyboard;
			sourceTree = "<group>";
		};
		AB55AE1820D95A51000BB65E /* LaunchScreen.storyboard */ = {
			isa = PBXVariantGroup;
			children = (
				AB55AE1920D95A51000BB65E /* Base */,
			);
			name = LaunchScreen.storyboard;
			sourceTree = "<group>";
		};
/* End PBXVariantGroup section */

/* Begin XCBuildConfiguration section */
		AB55AE1C20D95A51000BB65E /* Debug */ = {
			isa = XCBuildConfiguration;
			buildSettings = {
				ALWAYS_SEARCH_USER_PATHS = NO;
				CLANG_ANALYZER_NONNULL = YES;
				CLANG_ANALYZER_NUMBER_OBJECT_CONVERSION = YES_AGGRESSIVE;
				CLANG_CXX_LANGUAGE_STANDARD = "gnu++14";
				CLANG_CXX_LIBRARY = "libc++";
				CLANG_ENABLE_MODULES = YES;
				CLANG_ENABLE_OBJC_ARC = YES;
				CLANG_ENABLE_OBJC_WEAK = YES;
				CLANG_WARN_BLOCK_CAPTURE_AUTORELEASING = YES;
				CLANG_WARN_BOOL_CONVERSION = YES;
				CLANG_WARN_COMMA = YES;
				CLANG_WARN_CONSTANT_CONVERSION = YES;
				CLANG_WARN_DEPRECATED_OBJC_IMPLEMENTATIONS = YES;
				CLANG_WARN_DIRECT_OBJC_ISA_USAGE = YES_ERROR;
				CLANG_WARN_DOCUMENTATION_COMMENTS = YES;
				CLANG_WARN_EMPTY_BODY = YES;
				CLANG_WARN_ENUM_CONVERSION = YES;
				CLANG_WARN_INFINITE_RECURSION = YES;
				CLANG_WARN_INT_CONVERSION = YES;
				CLANG_WARN_NON_LITERAL_NULL_CONVERSION = YES;
				CLANG_WARN_OBJC_IMPLICIT_RETAIN_SELF = YES;
				CLANG_WARN_OBJC_LITERAL_CONVERSION = YES;
				CLANG_WARN_OBJC_ROOT_CLASS = YES_ERROR;
				CLANG_WARN_RANGE_LOOP_ANALYSIS = YES;
				CLANG_WARN_STRICT_PROTOTYPES = YES;
				CLANG_WARN_SUSPICIOUS_MOVE = YES;
				CLANG_WARN_UNGUARDED_AVAILABILITY = YES_AGGRESSIVE;
				CLANG_WARN_UNREACHABLE_CODE = YES;
				CLANG_WARN__DUPLICATE_METHOD_MATCH = YES;
				CODE_SIGN_IDENTITY = "iPhone Developer";
				COPY_PHASE_STRIP = NO;
				DEBUG_INFORMATION_FORMAT = dwarf;
				ENABLE_STRICT_OBJC_MSGSEND = YES;
				ENABLE_TESTABILITY = YES;
				GCC_C_LANGUAGE_STANDARD = gnu11;
				GCC_DYNAMIC_NO_PIC = NO;
				GCC_NO_COMMON_BLOCKS = YES;
				GCC_OPTIMIZATION_LEVEL = 0;
				GCC_PREPROCESSOR_DEFINITIONS = (
					"DEBUG=1",
					"$(inherited)",
				);
				GCC_WARN_64_TO_32_BIT_CONVERSION = YES;
				GCC_WARN_ABOUT_RETURN_TYPE = YES_ERROR;
				GCC_WARN_UNDECLARED_SELECTOR = YES;
				GCC_WARN_UNINITIALIZED_AUTOS = YES_AGGRESSIVE;
				GCC_WARN_UNUSED_FUNCTION = YES;
				GCC_WARN_UNUSED_VARIABLE = YES;
				IPHONEOS_DEPLOYMENT_TARGET = 11.4;
				MTL_ENABLE_DEBUG_INFO = YES;
				ONLY_ACTIVE_ARCH = YES;
				SDKROOT = iphoneos;
				SWIFT_ACTIVE_COMPILATION_CONDITIONS = DEBUG;
				SWIFT_OPTIMIZATION_LEVEL = "-Onone";
			};
			name = Debug;
		};
		AB55AE1D20D95A51000BB65E /* Release */ = {
			isa = XCBuildConfiguration;
			buildSettings = {
				ALWAYS_SEARCH_USER_PATHS = NO;
				CLANG_ANALYZER_NONNULL = YES;
				CLANG_ANALYZER_NUMBER_OBJECT_CONVERSION = YES_AGGRESSIVE;
				CLANG_CXX_LANGUAGE_STANDARD = "gnu++14";
				CLANG_CXX_LIBRARY = "libc++";
				CLANG_ENABLE_MODULES = YES;
				CLANG_ENABLE_OBJC_ARC = YES;
				CLANG_ENABLE_OBJC_WEAK = YES;
				CLANG_WARN_BLOCK_CAPTURE_AUTORELEASING = YES;
				CLANG_WARN_BOOL_CONVERSION = YES;
				CLANG_WARN_COMMA = YES;
				CLANG_WARN_CONSTANT_CONVERSION = YES;
				CLANG_WARN_DEPRECATED_OBJC_IMPLEMENTATIONS = YES;
				CLANG_WARN_DIRECT_OBJC_ISA_USAGE = YES_ERROR;
				CLANG_WARN_DOCUMENTATION_COMMENTS = YES;
				CLANG_WARN_EMPTY_BODY = YES;
				CLANG_WARN_ENUM_CONVERSION = YES;
				CLANG_WARN_INFINITE_RECURSION = YES;
				CLANG_WARN_INT_CONVERSION = YES;
				CLANG_WARN_NON_LITERAL_NULL_CONVERSION = YES;
				CLANG_WARN_OBJC_IMPLICIT_RETAIN_SELF = YES;
				CLANG_WARN_OBJC_LITERAL_CONVERSION = YES;
				CLANG_WARN_OBJC_ROOT_CLASS = YES_ERROR;
				CLANG_WARN_RANGE_LOOP_ANALYSIS = YES;
				CLANG_WARN_STRICT_PROTOTYPES = YES;
				CLANG_WARN_SUSPICIOUS_MOVE = YES;
				CLANG_WARN_UNGUARDED_AVAILABILITY = YES_AGGRESSIVE;
				CLANG_WARN_UNREACHABLE_CODE = YES;
				CLANG_WARN__DUPLICATE_METHOD_MATCH = YES;
				CODE_SIGN_IDENTITY = "iPhone Developer";
				COPY_PHASE_STRIP = NO;
				DEBUG_INFORMATION_FORMAT = "dwarf-with-dsym";
				ENABLE_NS_ASSERTIONS = NO;
				ENABLE_STRICT_OBJC_MSGSEND = YES;
				GCC_C_LANGUAGE_STANDARD = gnu11;
				GCC_NO_COMMON_BLOCKS = YES;
				GCC_WARN_64_TO_32_BIT_CONVERSION = YES;
				GCC_WARN_ABOUT_RETURN_TYPE = YES_ERROR;
				GCC_WARN_UNDECLARED_SELECTOR = YES;
				GCC_WARN_UNINITIALIZED_AUTOS = YES_AGGRESSIVE;
				GCC_WARN_UNUSED_FUNCTION = YES;
				GCC_WARN_UNUSED_VARIABLE = YES;
				IPHONEOS_DEPLOYMENT_TARGET = 11.4;
				MTL_ENABLE_DEBUG_INFO = NO;
				SDKROOT = iphoneos;
				SWIFT_COMPILATION_MODE = wholemodule;
				SWIFT_OPTIMIZATION_LEVEL = "-O";
				VALIDATE_PRODUCT = YES;
			};
			name = Release;
		};
		AB55AE1F20D95A51000BB65E /* Debug */ = {
			isa = XCBuildConfiguration;
			buildSettings = {
				ASSETCATALOG_COMPILER_APPICON_NAME = AppIcon;
				CODE_SIGN_STYLE = Automatic;
				INFOPLIST_FILE = Ratings/Info.plist;
				LD_RUNPATH_SEARCH_PATHS = (
					"$(inherited)",
					"@executable_path/Frameworks",
				);
				PRODUCT_BUNDLE_IDENTIFIER = test.Ratings;
				PRODUCT_NAME = "$(TARGET_NAME)";
				SWIFT_VERSION = 4.0;
				TARGETED_DEVICE_FAMILY = "1,2";
			};
			name = Debug;
		};
		AB55AE2020D95A51000BB65E /* Release */ = {
			isa = XCBuildConfiguration;
			buildSettings = {
				ASSETCATALOG_COMPILER_APPICON_NAME = AppIcon;
				CODE_SIGN_STYLE = Automatic;
				INFOPLIST_FILE = Ratings/Info.plist;
				LD_RUNPATH_SEARCH_PATHS = (
					"$(inherited)",
					"@executable_path/Frameworks",
				);
				PRODUCT_BUNDLE_IDENTIFIER = test.Ratings;
				PRODUCT_NAME = "$(TARGET_NAME)";
				SWIFT_VERSION = 4.0;
				TARGETED_DEVICE_FAMILY = "1,2";
			};
			name = Release;
		};
/* End XCBuildConfiguration section */

/* Begin XCConfigurationList section */
		AB55AE0720D95A4E000BB65E /* Build configuration list for PBXProject "Ratings" */ = {
			isa = XCConfigurationList;
			buildConfigurations = (
				AB55AE1C20D95A51000BB65E /* Debug */,
				AB55AE1D20D95A51000BB65E /* Release */,
			);
			defaultConfigurationIsVisible = 0;
			defaultConfigurationName = Release;
		};
		AB55AE1E20D95A51000BB65E /* Build configuration list for PBXNativeTarget "Ratings" */ = {
			isa = XCConfigurationList;
			buildConfigurations = (
				AB55AE1F20D95A51000BB65E /* Debug */,
				AB55AE2020D95A51000BB65E /* Release */,
			);
			defaultConfigurationIsVisible = 0;
			defaultConfigurationName = Release;
		};
/* End XCConfigurationList section */
	};
	rootObject = AB55AE0420D95A4E000BB65E /* Project object */;
}
